
Microsoft Visual Studio Solution File, Format Version 12.00
# Visual Studio Version 16
VisualStudioVersion = 16.0.30621.155
MinimumVisualStudioVersion = 10.0.40219.1
Project("{FAE04EC0-301F-11D3-BF4B-00C04F79EFBC}") = "QLVT_DATHANG", "QLVT_DATHANG\QLVT_DATHANG.csproj", "{0813FFD4-40C9-4A9F-BB9E-61BAD723428E}"
EndProject
Global
	GlobalSection(SolutionConfigurationPlatforms) = preSolution
		Debug|Any CPU = Debug|Any CPU
		Release|Any CPU = Release|Any CPU
	EndGlobalSection
	GlobalSection(ProjectConfigurationPlatforms) = postSolution
		{0813FFD4-40C9-4A9F-BB9E-61BAD723428E}.Debug|Any CPU.ActiveCfg = Debug|Any CPU
		{0813FFD4-40C9-4A9F-BB9E-61BAD723428E}.Debug|Any CPU.Build.0 = Debug|Any CPU
		{0813FFD4-40C9-4A9F-BB9E-61BAD723428E}.Release|Any CPU.ActiveCfg = Release|Any CPU
		{0813FFD4-40C9-4A9F-BB9E-61BAD723428E}.Release|Any CPU.Build.0 = Release|Any CPU
	EndGlobalSection
	GlobalSection(SolutionProperties) = preSolution
		HideSolutionNode = FALSE
	EndGlobalSection
	GlobalSection(ExtensibilityGlobals) = postSolution
		SolutionGuid = {143847F3-C458-4B24-A35B-13BAEB31D7E1}
	EndGlobalSection
EndGlobal
